
Microsoft Visual Studio Solution File, Format Version 12.00
# Visual Studio Version 16
VisualStudioVersion = 16.0.29411.108
MinimumVisualStudioVersion = 10.0.40219.1
Project("{FAE04EC0-301F-11D3-BF4B-00C04F79EFBC}") = "Day1-Homework", "Day1-Homewark\Day1-Homework.csproj", "{3C31D9EB-DB48-4F64-80D8-F72D9671B313}"
EndProject
Global
	GlobalSection(SolutionConfigurationPlatforms) = preSolution
		Debug|Any CPU = Debug|Any CPU
		Release|Any CPU = Release|Any CPU
	EndGlobalSection
	GlobalSection(ProjectConfigurationPlatforms) = postSolution
		{3C31D9EB-DB48-4F64-80D8-F72D9671B313}.Debug|Any CPU.ActiveCfg = Debug|Any CPU
		{3C31D9EB-DB48-4F64-80D8-F72D9671B313}.Debug|Any CPU.Build.0 = Debug|Any CPU
		{3C31D9EB-DB48-4F64-80D8-F72D9671B313}.Release|Any CPU.ActiveCfg = Release|Any CPU
		{3C31D9EB-DB48-4F64-80D8-F72D9671B313}.Release|Any CPU.Build.0 = Release|Any CPU
	EndGlobalSection
	GlobalSection(SolutionProperties) = preSolution
		HideSolutionNode = FALSE
	EndGlobalSection
	GlobalSection(ExtensibilityGlobals) = postSolution
		SolutionGuid = {E1C6874E-8B16-4F41-BEC5-64B703FBBE6E}
	EndGlobalSection
EndGlobal
